PODS:
  - Flutter (1.0.0)
  - flutter_any_logo (0.0.1):
    - Flutter

DEPENDENCIES:
  - Flutter (from `Flutter`)
  - flutter_any_logo (from `.symlinks/plugins/flutter_any_logo/ios`)

EXTERNAL SOURCES:
  Flutter:
    :path: Flutter
  flutter_any_logo:
    :path: ".symlinks/plugins/flutter_any_logo/ios"

SPEC CHECKSUMS:
  Flutter: e0871f40cf51350855a761d2e70bf5af5b9b5de7
  flutter_any_logo: 42f078f85b11aca59a029b03007f92301c4d7b86

PODFILE CHECKSUM: 819463e6a0290f5a72f145ba7cde16e8b6ef0796

COCOAPODS: 1.15.2
